
Microsoft Visual Studio Solution File, Format Version 12.00
# Visual Studio 14
VisualStudioVersion = 14.0.25420.1
MinimumVisualStudioVersion = 10.0.40219.1
Project("{8BC9CEB8-8B4A-11D0-8D11-00A0C91BC942}") = "Password Generator", "Password Generator.vcxproj", "{3835AD3E-55E3-4C0E-AA9B-2F6EB40AD5EC}"
EndProject
Global
	GlobalSection(SolutionConfigurationPlatforms) = preSolution
		Debug|x86 = Debug|x86
		Release|x86 = Release|x86
	EndGlobalSection
	GlobalSection(ProjectConfigurationPlatforms) = postSolution
		{3835AD3E-55E3-4C0E-AA9B-2F6EB40AD5EC}.Debug|x86.ActiveCfg = Debug|Win32
		{3835AD3E-55E3-4C0E-AA9B-2F6EB40AD5EC}.Debug|x86.Build.0 = Debug|Win32
		{3835AD3E-55E3-4C0E-AA9B-2F6EB40AD5EC}.Release|x86.ActiveCfg = Release|Win32
		{3835AD3E-55E3-4C0E-AA9B-2F6EB40AD5EC}.Release|x86.Build.0 = Release|Win32
	EndGlobalSection
	GlobalSection(SolutionProperties) = preSolution
		HideSolutionNode = FALSE
	EndGlobalSection
EndGlobal
