<?xml version="1.0" encoding="utf-8"?>
<Project ToolsVersion="4.0" xmlns="http://schemas.microsoft.com/developer/msbuild/2003">
  <ItemGroup>
    <ClCompile Include="Main.cpp">
      <Filter>Source Files</Filter>
    </ClCompile>
    <ClCompile Include="MainWindow.cpp">
      <Filter>Source Files</Filter>
    </ClCompile>
    <ClCompile Include="GenerationButton.cpp">
      <Filter>Source Files</Filter>
    </ClCompile>
    <ClCompile Include="InfoButton.cpp">
      <Filter>Source Files</Filter>
    </ClCompile>
    <ClCompile Include="ControlButtons.cpp">
      <Filter>Source Files</Filter>
    </ClCompile>
    <ClCompile Include="WindowsFeatures.cpp">
      <Filter>Source Files</Filter>
    </ClCompile>
    <ClCompile Include="AboutWindow.cpp">
      <Filter>Source Files</Filter>
    </ClCompile>
  </ItemGroup>
  <ItemGroup>
    <ClInclude Include="MainWindow.h">
      <Filter>Header Files</Filter>
    </ClInclude>
    <ClInclude Include="Main.h">
      <Filter>Header Files</Filter>
    </ClInclude>
    <ClInclude Include="GenerationButton.h">
      <Filter>Header Files</Filter>
    </ClInclude>
    <ClInclude Include="InfoButton.h">
      <Filter>Header Files</Filter>
    </ClInclude>
    <ClInclude Include="resource.h">
      <Filter>Header Files</Filter>
    </ClInclude>
    <ClInclude Include="ControlButtons.h">
      <Filter>Header Files</Filter>
    </ClInclude>
    <ClInclude Include="Version.h">
      <Filter>Header Files</Filter>
    </ClInclude>
    <ClInclude Include="WindowsFeatures.h">
      <Filter>Header Files</Filter>
    </ClInclude>
    <ClInclude Include="AboutWindow.h">
      <Filter>Header Files</Filter>
    </ClInclude>
  </ItemGroup>
  <ItemGroup>
    <Filter Include="Source Files">
      <UniqueIdentifier>{9c865e25-7543-401a-811f-8cc28a4ce8be}</UniqueIdentifier>
    </Filter>
    <Filter Include="Header Files">
      <UniqueIdentifier>{3474441a-548a-43a6-bc5f-df58d198b469}</UniqueIdentifier>
    </Filter>
    <Filter Include="Resource Files">
      <UniqueIdentifier>{9c84ddae-7052-4e76-8e30-b6b1e6f39806}</UniqueIdentifier>
    </Filter>
  </ItemGroup>
  <ItemGroup>
    <ResourceCompile Include="Password Generator.rc">
      <Filter>Resource Files</Filter>
    </ResourceCompile>
  </ItemGroup>
  <ItemGroup>
    <Image Include="Resources\about_app_logo.bmp">
      <Filter>Resource Files</Filter>
    </Image>
    <Image Include="Resources\app_logo.ico">
      <Filter>Resource Files</Filter>
    </Image>
    <Image Include="Resources\close_button.bmp">
      <Filter>Resource Files</Filter>
    </Image>
    <Image Include="Resources\minimize_button.bmp">
      <Filter>Resource Files</Filter>
    </Image>
  </ItemGroup>
</Project>